
Microsoft Visual Studio Solution File, Format Version 12.00
# Visual Studio Version 16
VisualStudioVersion = 16.0.29209.152
MinimumVisualStudioVersion = 10.0.40219.1
Project("{9A19103F-16F7-4668-BE54-9A1E7A4F7556}") = "API", "API\API.csproj", "{772C0A35-8823-473C-9467-89D216B3457E}"
EndProject
Project("{FAE04EC0-301F-11D3-BF4B-00C04F79EFBC}") = "BBL", "BBL\BBL.csproj", "{5A35E13B-DDFA-416A-A7B8-152747528EAE}"
EndProject
Project("{FAE04EC0-301F-11D3-BF4B-00C04F79EFBC}") = "DAL", "DAL\DAL.csproj", "{92B56F7F-96E4-4CE3-ADA9-C463E0FD9B21}"
EndProject
Project("{FAE04EC0-301F-11D3-BF4B-00C04F79EFBC}") = "Test", "Test\Test.csproj", "{3C82CB93-D513-4335-8742-AD0249DCDFFC}"
EndProject
Global
	GlobalSection(SolutionConfigurationPlatforms) = preSolution
		Debug|Any CPU = Debug|Any CPU
		Release|Any CPU = Release|Any CPU
	EndGlobalSection
	GlobalSection(ProjectConfigurationPlatforms) = postSolution
		{772C0A35-8823-473C-9467-89D216B3457E}.Debug|Any CPU.ActiveCfg = Debug|Any CPU
		{772C0A35-8823-473C-9467-89D216B3457E}.Debug|Any CPU.Build.0 = Debug|Any CPU
		{772C0A35-8823-473C-9467-89D216B3457E}.Release|Any CPU.ActiveCfg = Release|Any CPU
		{772C0A35-8823-473C-9467-89D216B3457E}.Release|Any CPU.Build.0 = Release|Any CPU
		{5A35E13B-DDFA-416A-A7B8-152747528EAE}.Debug|Any CPU.ActiveCfg = Debug|Any CPU
		{5A35E13B-DDFA-416A-A7B8-152747528EAE}.Debug|Any CPU.Build.0 = Debug|Any CPU
		{5A35E13B-DDFA-416A-A7B8-152747528EAE}.Release|Any CPU.ActiveCfg = Release|Any CPU
		{5A35E13B-DDFA-416A-A7B8-152747528EAE}.Release|Any CPU.Build.0 = Release|Any CPU
		{92B56F7F-96E4-4CE3-ADA9-C463E0FD9B21}.Debug|Any CPU.ActiveCfg = Debug|Any CPU
		{92B56F7F-96E4-4CE3-ADA9-C463E0FD9B21}.Debug|Any CPU.Build.0 = Debug|Any CPU
		{92B56F7F-96E4-4CE3-ADA9-C463E0FD9B21}.Release|Any CPU.ActiveCfg = Release|Any CPU
		{92B56F7F-96E4-4CE3-ADA9-C463E0FD9B21}.Release|Any CPU.Build.0 = Release|Any CPU
		{3C82CB93-D513-4335-8742-AD0249DCDFFC}.Debug|Any CPU.ActiveCfg = Debug|Any CPU
		{3C82CB93-D513-4335-8742-AD0249DCDFFC}.Debug|Any CPU.Build.0 = Debug|Any CPU
		{3C82CB93-D513-4335-8742-AD0249DCDFFC}.Release|Any CPU.ActiveCfg = Release|Any CPU
		{3C82CB93-D513-4335-8742-AD0249DCDFFC}.Release|Any CPU.Build.0 = Release|Any CPU
	EndGlobalSection
	GlobalSection(SolutionProperties) = preSolution
		HideSolutionNode = FALSE
	EndGlobalSection
	GlobalSection(ExtensibilityGlobals) = postSolution
		SolutionGuid = {4322D706-A3C2-43E8-ACB0-1FA4A574ECF6}
	EndGlobalSection
EndGlobal
